Microsoft Visual Studio Solution File, Format Version 12.00
# Visual Studio Version 17
VisualStudioVersion = 17.5.2.0
MinimumVisualStudioVersion = 10.0.40219.1
Project("{FAE04EC0-301F-11D3-BF4B-00C04F79EFBC}") = "Kumari cinemas", "Kumari cinemas.csproj", "{38C11173-B6AE-49BE-26E4-19727DA685B4}"
EndProject
Global
	GlobalSection(SolutionConfigurationPlatforms) = preSolution
		Debug|Any CPU = Debug|Any CPU
		Release|Any CPU = Release|Any CPU
	EndGlobalSection
	GlobalSection(ProjectConfigurationPlatforms) = postSolution
		{38C11173-B6AE-49BE-26E4-19727DA685B4}.Debug|Any CPU.ActiveCfg = Debug|Any CPU
		{38C11173-B6AE-49BE-26E4-19727DA685B4}.Debug|Any CPU.Build.0 = Debug|Any CPU
		{38C11173-B6AE-49BE-26E4-19727DA685B4}.Release|Any CPU.ActiveCfg = Release|Any CPU
		{38C11173-B6AE-49BE-26E4-19727DA685B4}.Release|Any CPU.Build.0 = Release|Any CPU
	EndGlobalSection
	GlobalSection(SolutionProperties) = preSolution
		HideSolutionNode = FALSE
	EndGlobalSection
	GlobalSection(ExtensibilityGlobals) = postSolution
		SolutionGuid = {40C089B5-939C-44F2-8A78-13D5E37C36C9}
	EndGlobalSection
EndGlobal
